name: Morlock — Nightly Security Probe

# NOTE: nightly schedule disabled 2026-07-20 — every scheduled run since
# 2026-07-15 has failed with an instant, zero-cost is_error from the Claude
# Code SDK (init succeeds, then is_error:true ~300ms later, total_cost_usd:0,
# num_turns:1). That signature points to the Anthropic API rejecting the
# request outright (invalid/expired ANTHROPIC_API_KEY, exhausted credit
# balance, or no account access to the claude-opus-4-8[1m] model) rather
# than a bug in this workflow's config — the prior allowed_tools ->
# claude_args fix is confirmed still correct.
#
# Before re-enabling the schedule:
#   1. Check the ANTHROPIC_API_KEY secret in the Anthropic Console (key
#      validity, credit balance, model access for claude-opus-4-8[1m]).
#   2. Manually confirm with: gh workflow run morlock.yml
#   3. If it succeeds, uncomment the `schedule:` block below.
on:
  # schedule:
  #   - cron: "0 1 * * *"
  workflow_dispatch:

jobs:
  morlock:
    name: Morlock security probe
    runs-on: ubuntu-latest
    permissions:
      contents: write
      pull-requests: write
      issues: write
      id-token: write

    steps:
      - uses: actions/checkout@v7
        with:
          fetch-depth: 0

      - name: Read Morlock persona
        id: persona
        run: |
          persona=$(awk 'NR==1 && $0=="---" {fm=1; next} fm && $0=="---" {fm=0; next} !fm { if (!started && $0 == "") next; started=1; print }' .agents/skills/morlock/SKILL.md)
          echo "content<<EOF" >> $GITHUB_OUTPUT
          echo "$persona" >> $GITHUB_OUTPUT
          echo "EOF" >> $GITHUB_OUTPUT

      - name: Run Morlock probe
        uses: anthropics/claude-code-action@v1
        with:
          anthropic_api_key: ${{ secrets.ANTHROPIC_API_KEY }}
          branch_prefix: morlock
          claude_args: --allowedTools "Bash,Read,Write,Edit,Glob,Grep"
          prompt: |
            ${{ steps.persona.outputs.content }}

            Today's probe session. Your job:
            1. Read and understand the current codebase — focus on auth boundaries, data isolation, input validation, and error leakage.
            2. Identify the most interesting attack surfaces.
            3. For each finding, write a proving test under `apps/web/integration/security/` (create the directory if needed).
            4. Summarise your findings.

            After completing the probe:
            - Commit any new tests on the current branch (you are already on a morlock/* branch).
            - Open a PR titled "security: Morlock probe findings — $(date +%Y-%m-%d)".
            - Open a summary issue titled "Morlock report — $(date +%Y-%m-%d)" listing each finding with severity and the test that proves it.

            If the codebase is too sparse to probe yet, note that in both the PR and issue and exit cleanly.
